// !$*UTF8*$!
{
	archiveVersion = 1;
	classes = {
	};
	objectVersion = 56;
	objects = {

/* Begin PBXBuildFile section */
		232BF5DC29C0C2BE009C8F02 /* HeroHeader.swift in Sources */ = {isa = PBXBuildFile; fileRef = 232BF5DB29C0C2BE009C8F02 /* HeroHeader.swift */; };
		235B4DE029C4803A00370B6F /* APICaller.swift in Sources */ = {isa = PBXBuildFile; fileRef = 235B4DDF29C4803A00370B6F /* APICaller.swift */; };
		235B4DE229C484BE00370B6F /* Movies.swift in Sources */ = {isa = PBXBuildFile; fileRef = 235B4DE129C484BE00370B6F /* Movies.swift */; };
		235B4DE429C4887600370B6F /* Extensions.swift in Sources */ = {isa = PBXBuildFile; fileRef = 235B4DE329C4887600370B6F /* Extensions.swift */; };
		235B4DE829C48EAB00370B6F /* TitleCollectionViewCell.swift in Sources */ = {isa = PBXBuildFile; fileRef = 235B4DE729C48EAB00370B6F /* TitleCollectionViewCell.swift */; };
		235B4DEB29C48FA000370B6F /* SDWebImage in Frameworks */ = {isa = PBXBuildFile; productRef = 235B4DEA29C48FA000370B6F /* SDWebImage */; };
		23E7381D29C08BFA00C5ACDD /* AppDelegate.swift in Sources */ = {isa = PBXBuildFile; fileRef = 23E7381C29C08BFA00C5ACDD /* AppDelegate.swift */; };
		23E7381F29C08BFA00C5ACDD /* SceneDelegate.swift in Sources */ = {isa = PBXBuildFile; fileRef = 23E7381E29C08BFA00C5ACDD /* SceneDelegate.swift */; };
		23E7382129C08BFA00C5ACDD /* MainTabBarViewController.swift in Sources */ = {isa = PBXBuildFile; fileRef = 23E7382029C08BFA00C5ACDD /* MainTabBarViewController.swift */; };
		23E7382629C08BFB00C5ACDD /* Assets.xcassets in Resources */ = {isa = PBXBuildFile; fileRef = 23E7382529C08BFB00C5ACDD /* Assets.xcassets */; };
		23E7382929C08BFB00C5ACDD /* LaunchScreen.storyboard in Resources */ = {isa = PBXBuildFile; fileRef = 23E7382729C08BFB00C5ACDD /* LaunchScreen.storyboard */; };
		23E7383229C08D8100C5ACDD /* HomeViewController.swift in Sources */ = {isa = PBXBuildFile; fileRef = 23E7383129C08D8100C5ACDD /* HomeViewController.swift */; };
		23E7383429C08DA100C5ACDD /* UpcomingViewController.swift in Sources */ = {isa = PBXBuildFile; fileRef = 23E7383329C08DA100C5ACDD /* UpcomingViewController.swift */; };
		23E7383629C08DBA00C5ACDD /* SearchViewController.swift in Sources */ = {isa = PBXBuildFile; fileRef = 23E7383529C08DBA00C5ACDD /* SearchViewController.swift */; };
		23E7383829C08DD300C5ACDD /* DownloadsViewController.swift in Sources */ = {isa = PBXBuildFile; fileRef = 23E7383729C08DD300C5ACDD /* DownloadsViewController.swift */; };
		23E7383F29C0926100C5ACDD /* CollectionViewTableViewCell.swift in Sources */ = {isa = PBXBuildFile; fileRef = 23E7383E29C0926100C5ACDD /* CollectionViewTableViewCell.swift */; };
/* End PBXBuildFile section */

/* Begin PBXFileReference section */
		232BF5DB29C0C2BE009C8F02 /* HeroHeader.swift */ = {isa = PBXFileReference; lastKnownFileType = sourcecode.swift; path = HeroHeader.swift; sourceTree = "<group>"; };
		235B4DDF29C4803A00370B6F /* APICaller.swift */ = {isa = PBXFileReference; lastKnownFileType = sourcecode.swift; path = APICaller.swift; sourceTree = "<group>"; };
		235B4DE129C484BE00370B6F /* Movies.swift */ = {isa = PBXFileReference; lastKnownFileType = sourcecode.swift; path = Movies.swift; sourceTree = "<group>"; };
		235B4DE329C4887600370B6F /* Extensions.swift */ = {isa = PBXFileReference; lastKnownFileType = sourcecode.swift; path = Extensions.swift; sourceTree = "<group>"; };
		235B4DE729C48EAB00370B6F /* TitleCollectionViewCell.swift */ = {isa = PBXFileReference; lastKnownFileType = sourcecode.swift; path = TitleCollectionViewCell.swift; sourceTree = "<group>"; };
		23E7381929C08BFA00C5ACDD /* MovieApp-UIKit.app */ = {isa = PBXFileReference; explicitFileType = wrapper.application; includeInIndex = 0; path = "MovieApp-UIKit.app"; sourceTree = BUILT_PRODUCTS_DIR; };
		23E7381C29C08BFA00C5ACDD /* AppDelegate.swift */ = {isa = PBXFileReference; lastKnownFileType = sourcecode.swift; path = AppDelegate.swift; sourceTree = "<group>"; };
		23E7381E29C08BFA00C5ACDD /* SceneDelegate.swift */ = {isa = PBXFileReference; lastKnownFileType = sourcecode.swift; path = SceneDelegate.swift; sourceTree = "<group>"; };
		23E7382029C08BFA00C5ACDD /* MainTabBarViewController.swift */ = {isa = PBXFileReference; lastKnownFileType = sourcecode.swift; path = MainTabBarViewController.swift; sourceTree = "<group>"; };
		23E7382529C08BFB00C5ACDD /* Assets.xcassets */ = {isa = PBXFileReference; lastKnownFileType = folder.assetcatalog; path = Assets.xcassets; sourceTree = "<group>"; };
		23E7382829C08BFB00C5ACDD /* Base */ = {isa = PBXFileReference; lastKnownFileType = file.storyboard; name = Base; path = Base.lproj/LaunchScreen.storyboard; sourceTree = "<group>"; };
		23E7382A29C08BFB00C5ACDD /* Info.plist */ = {isa = PBXFileReference; lastKnownFileType = text.plist.xml; path = Info.plist; sourceTree = "<group>"; };
		23E7383129C08D8100C5ACDD /* HomeViewController.swift */ = {isa = PBXFileReference; lastKnownFileType = sourcecode.swift; path = HomeViewController.swift; sourceTree = "<group>"; };
		23E7383329C08DA100C5ACDD /* UpcomingViewController.swift */ = {isa = PBXFileReference; lastKnownFileType = sourcecode.swift; path = UpcomingViewController.swift; sourceTree = "<group>"; };
		23E7383529C08DBA00C5ACDD /* SearchViewController.swift */ = {isa = PBXFileReference; lastKnownFileType = sourcecode.swift; path = SearchViewController.swift; sourceTree = "<group>"; };
		23E7383729C08DD300C5ACDD /* DownloadsViewController.swift */ = {isa = PBXFileReference; lastKnownFileType = sourcecode.swift; path = DownloadsViewController.swift; sourceTree = "<group>"; };
		23E7383E29C0926100C5ACDD /* CollectionViewTableViewCell.swift */ = {isa = PBXFileReference; lastKnownFileType = sourcecode.swift; path = CollectionViewTableViewCell.swift; sourceTree = "<group>"; };
/* End PBXFileReference section */

/* Begin PBXFrameworksBuildPhase section */
		23E7381629C08BFA00C5ACDD /* Frameworks */ = {
			isa = PBXFrameworksBuildPhase;
			buildActionMask = 2147483647;
			files = (
				235B4DEB29C48FA000370B6F /* SDWebImage in Frameworks */,
			);
			runOnlyForDeploymentPostprocessing = 0;
		};
/* End PBXFrameworksBuildPhase section */

/* Begin PBXGroup section */
		23E7381029C08BFA00C5ACDD = {
			isa = PBXGroup;
			children = (
				23E7381B29C08BFA00C5ACDD /* MovieApp-UIKit */,
				23E7381A29C08BFA00C5ACDD /* Products */,
			);
			sourceTree = "<group>";
		};
		23E7381A29C08BFA00C5ACDD /* Products */ = {
			isa = PBXGroup;
			children = (
				23E7381929C08BFA00C5ACDD /* MovieApp-UIKit.app */,
			);
			name = Products;
			sourceTree = "<group>";
		};
		23E7381B29C08BFA00C5ACDD /* MovieApp-UIKit */ = {
			isa = PBXGroup;
			children = (
				23E7383D29C0923400C5ACDD /* Managers */,
				23E7383C29C0922E00C5ACDD /* Resources */,
				23E7383B29C0920800C5ACDD /* Models */,
				23E7383929C091F700C5ACDD /* Views */,
				23E7383A29C0920300C5ACDD /* ViewModels */,
				23E7383029C08D5900C5ACDD /* Controllers */,
				23E7381C29C08BFA00C5ACDD /* AppDelegate.swift */,
				23E7381E29C08BFA00C5ACDD /* SceneDelegate.swift */,
				23E7382029C08BFA00C5ACDD /* MainTabBarViewController.swift */,
				23E7382529C08BFB00C5ACDD /* Assets.xcassets */,
				23E7382729C08BFB00C5ACDD /* LaunchScreen.storyboard */,
				23E7382A29C08BFB00C5ACDD /* Info.plist */,
			);
			path = "MovieApp-UIKit";
			sourceTree = "<group>";
		};
		23E7383029C08D5900C5ACDD /* Controllers */ = {
			isa = PBXGroup;
			children = (
				23E7383129C08D8100C5ACDD /* HomeViewController.swift */,
				23E7383329C08DA100C5ACDD /* UpcomingViewController.swift */,
				23E7383529C08DBA00C5ACDD /* SearchViewController.swift */,
				23E7383729C08DD300C5ACDD /* DownloadsViewController.swift */,
			);
			path = Controllers;
			sourceTree = "<group>";
		};
		23E7383929C091F700C5ACDD /* Views */ = {
			isa = PBXGroup;
			children = (
				23E7383E29C0926100C5ACDD /* CollectionViewTableViewCell.swift */,
				232BF5DB29C0C2BE009C8F02 /* HeroHeader.swift */,
				235B4DE729C48EAB00370B6F /* TitleCollectionViewCell.swift */,
			);
			path = Views;
			sourceTree = "<group>";
		};
		23E7383A29C0920300C5ACDD /* ViewModels */ = {
			isa = PBXGroup;
			children = (
			);
			path = ViewModels;
			sourceTree = "<group>";
		};
		23E7383B29C0920800C5ACDD /* Models */ = {
			isa = PBXGroup;
			children = (
				235B4DE129C484BE00370B6F /* Movies.swift */,
			);
			path = Models;
			sourceTree = "<group>";
		};
		23E7383C29C0922E00C5ACDD /* Resources */ = {
			isa = PBXGroup;
			children = (
				235B4DE329C4887600370B6F /* Extensions.swift */,
			);
			path = Resources;
			sourceTree = "<group>";
		};
		23E7383D29C0923400C5ACDD /* Managers */ = {
			isa = PBXGroup;
			children = (
				235B4DDF29C4803A00370B6F /* APICaller.swift */,
			);
			path = Managers;
			sourceTree = "<group>";
		};
/* End PBXGroup section */

/* Begin PBXNativeTarget section */
		23E7381829C08BFA00C5ACDD /* MovieApp-UIKit */ = {
			isa = PBXNativeTarget;
			buildConfigurationList = 23E7382D29C08BFB00C5ACDD /* Build configuration list for PBXNativeTarget "MovieApp-UIKit" */;
			buildPhases = (
				23E7381529C08BFA00C5ACDD /* Sources */,
				23E7381629C08BFA00C5ACDD /* Frameworks */,
				23E7381729C08BFA00C5ACDD /* Resources */,
			);
			buildRules = (
			);
			dependencies = (
			);
			name = "MovieApp-UIKit";
			packageProductDependencies = (
				235B4DEA29C48FA000370B6F /* SDWebImage */,
			);
			productName = "MovieApp-UIKit";
			productReference = 23E7381929C08BFA00C5ACDD /* MovieApp-UIKit.app */;
			productType = "com.apple.product-type.application";
		};
/* End PBXNativeTarget section */

/* Begin PBXProject section */
		23E7381129C08BFA00C5ACDD /* Project object */ = {
			isa = PBXProject;
			attributes = {
				BuildIndependentTargetsInParallel = 1;
				LastSwiftUpdateCheck = 1430;
				LastUpgradeCheck = 1430;
				TargetAttributes = {
					23E7381829C08BFA00C5ACDD = {
						CreatedOnToolsVersion = 14.3;
					};
				};
			};
			buildConfigurationList = 23E7381429C08BFA00C5ACDD /* Build configuration list for PBXProject "MovieApp-UIKit" */;
			compatibilityVersion = "Xcode 14.0";
			developmentRegion = en;
			hasScannedForEncodings = 0;
			knownRegions = (
				en,
				Base,
			);
			mainGroup = 23E7381029C08BFA00C5ACDD;
			packageReferences = (
				235B4DE929C48FA000370B6F /* XCRemoteSwiftPackageReference "SDWebImage" */,
			);
			productRefGroup = 23E7381A29C08BFA00C5ACDD /* Products */;
			projectDirPath = "";
			projectRoot = "";
			targets = (
				23E7381829C08BFA00C5ACDD /* MovieApp-UIKit */,
			);
		};
/* End PBXProject section */

/* Begin PBXResourcesBuildPhase section */
		23E7381729C08BFA00C5ACDD /* Resources */ = {
			isa = PBXResourcesBuildPhase;
			buildActionMask = 2147483647;
			files = (
				23E7382929C08BFB00C5ACDD /* LaunchScreen.storyboard in Resources */,
				23E7382629C08BFB00C5ACDD /* Assets.xcassets in Resources */,
			);
			runOnlyForDeploymentPostprocessing = 0;
		};
/* End PBXResourcesBuildPhase section */

/* Begin PBXSourcesBuildPhase section */
		23E7381529C08BFA00C5ACDD /* Sources */ = {
			isa = PBXSourcesBuildPhase;
			buildActionMask = 2147483647;
			files = (
				23E7383629C08DBA00C5ACDD /* SearchViewController.swift in Sources */,
				235B4DE229C484BE00370B6F /* Movies.swift in Sources */,
				23E7382129C08BFA00C5ACDD /* MainTabBarViewController.swift in Sources */,
				23E7383F29C0926100C5ACDD /* CollectionViewTableViewCell.swift in Sources */,
				235B4DE029C4803A00370B6F /* APICaller.swift in Sources */,
				23E7383829C08DD300C5ACDD /* DownloadsViewController.swift in Sources */,
				23E7381D29C08BFA00C5ACDD /* AppDelegate.swift in Sources */,
				235B4DE829C48EAB00370B6F /* TitleCollectionViewCell.swift in Sources */,
				235B4DE429C4887600370B6F /* Extensions.swift in Sources */,
				23E7381F29C08BFA00C5ACDD /* SceneDelegate.swift in Sources */,
				232BF5DC29C0C2BE009C8F02 /* HeroHeader.swift in Sources */,
				23E7383429C08DA100C5ACDD /* UpcomingViewController.swift in Sources */,
				23E7383229C08D8100C5ACDD /* HomeViewController.swift in Sources */,
			);
			runOnlyForDeploymentPostprocessing = 0;
		};
/* End PBXSourcesBuildPhase section */

/* Begin PBXVariantGroup section */
		23E7382729C08BFB00C5ACDD /* LaunchScreen.storyboard */ = {
			isa = PBXVariantGroup;
			children = (
				23E7382829C08BFB00C5ACDD /* Base */,
			);
			name = LaunchScreen.storyboard;
			sourceTree = "<group>";
		};
/* End PBXVariantGroup section */

/* Begin XCBuildConfiguration section */
		23E7382B29C08BFB00C5ACDD /* Debug */ = {
			isa = XCBuildConfiguration;
			buildSettings = {
				ALWAYS_SEARCH_USER_PATHS = NO;
				CLANG_ANALYZER_NONNULL = YES;
				CLANG_ANALYZER_NUMBER_OBJECT_CONVERSION = YES_AGGRESSIVE;
				CLANG_CXX_LANGUAGE_STANDARD = "gnu++20";
				CLANG_ENABLE_MODULES = YES;
				CLANG_ENABLE_OBJC_ARC = YES;
				CLANG_ENABLE_OBJC_WEAK = YES;
				CLANG_WARN_BLOCK_CAPTURE_AUTORELEASING = YES;
				CLANG_WARN_BOOL_CONVERSION = YES;
				CLANG_WARN_COMMA = YES;
				CLANG_WARN_CONSTANT_CONVERSION = YES;
				CLANG_WARN_DEPRECATED_OBJC_IMPLEMENTATIONS = YES;
				CLANG_WARN_DIRECT_OBJC_ISA_USAGE = YES_ERROR;
				CLANG_WARN_DOCUMENTATION_COMMENTS = YES;
				CLANG_WARN_EMPTY_BODY = YES;
				CLANG_WARN_ENUM_CONVERSION = YES;
				CLANG_WARN_INFINITE_RECURSION = YES;
				CLANG_WARN_INT_CONVERSION = YES;
				CLANG_WARN_NON_LITERAL_NULL_CONVERSION = YES;
				CLANG_WARN_OBJC_IMPLICIT_RETAIN_SELF = YES;
				CLANG_WARN_OBJC_LITERAL_CONVERSION = YES;
				CLANG_WARN_OBJC_ROOT_CLASS = YES_ERROR;
				CLANG_WARN_QUOTED_INCLUDE_IN_FRAMEWORK_HEADER = YES;
				CLANG_WARN_RANGE_LOOP_ANALYSIS = YES;
				CLANG_WARN_STRICT_PROTOTYPES = YES;
				CLANG_WARN_SUSPICIOUS_MOVE = YES;
				CLANG_WARN_UNGUARDED_AVAILABILITY = YES_AGGRESSIVE;
				CLANG_WARN_UNREACHABLE_CODE = YES;
				CLANG_WARN__DUPLICATE_METHOD_MATCH = YES;
				COPY_PHASE_STRIP = NO;
				DEBUG_INFORMATION_FORMAT = dwarf;
				ENABLE_STRICT_OBJC_MSGSEND = YES;
				ENABLE_TESTABILITY = YES;
				GCC_C_LANGUAGE_STANDARD = gnu11;
				GCC_DYNAMIC_NO_PIC = NO;
				GCC_NO_COMMON_BLOCKS = YES;
				GCC_OPTIMIZATION_LEVEL = 0;
				GCC_PREPROCESSOR_DEFINITIONS = (
					"DEBUG=1",
					"$(inherited)",
				);
				GCC_WARN_64_TO_32_BIT_CONVERSION = YES;
				GCC_WARN_ABOUT_RETURN_TYPE = YES_ERROR;
				GCC_WARN_UNDECLARED_SELECTOR = YES;
				GCC_WARN_UNINITIALIZED_AUTOS = YES_AGGRESSIVE;
				GCC_WARN_UNUSED_FUNCTION = YES;
				GCC_WARN_UNUSED_VARIABLE = YES;
				IPHONEOS_DEPLOYMENT_TARGET = 16.4;
				MTL_ENABLE_DEBUG_INFO = INCLUDE_SOURCE;
				MTL_FAST_MATH = YES;
				ONLY_ACTIVE_ARCH = YES;
				SDKROOT = iphoneos;
				SWIFT_ACTIVE_COMPILATION_CONDITIONS = DEBUG;
				SWIFT_OPTIMIZATION_LEVEL = "-Onone";
			};
			name = Debug;
		};
		23E7382C29C08BFB00C5ACDD /* Release */ = {
			isa = XCBuildConfiguration;
			buildSettings = {
				ALWAYS_SEARCH_USER_PATHS = NO;
				CLANG_ANALYZER_NONNULL = YES;
				CLANG_ANALYZER_NUMBER_OBJECT_CONVERSION = YES_AGGRESSIVE;
				CLANG_CXX_LANGUAGE_STANDARD = "gnu++20";
				CLANG_ENABLE_MODULES = YES;
				CLANG_ENABLE_OBJC_ARC = YES;
				CLANG_ENABLE_OBJC_WEAK = YES;
				CLANG_WARN_BLOCK_CAPTURE_AUTORELEASING = YES;
				CLANG_WARN_BOOL_CONVERSION = YES;
				CLANG_WARN_COMMA = YES;
				CLANG_WARN_CONSTANT_CONVERSION = YES;
				CLANG_WARN_DEPRECATED_OBJC_IMPLEMENTATIONS = YES;
				CLANG_WARN_DIRECT_OBJC_ISA_USAGE = YES_ERROR;
				CLANG_WARN_DOCUMENTATION_COMMENTS = YES;
				CLANG_WARN_EMPTY_BODY = YES;
				CLANG_WARN_ENUM_CONVERSION = YES;
				CLANG_WARN_INFINITE_RECURSION = YES;
				CLANG_WARN_INT_CONVERSION = YES;
				CLANG_WARN_NON_LITERAL_NULL_CONVERSION = YES;
				CLANG_WARN_OBJC_IMPLICIT_RETAIN_SELF = YES;
				CLANG_WARN_OBJC_LITERAL_CONVERSION = YES;
				CLANG_WARN_OBJC_ROOT_CLASS = YES_ERROR;
				CLANG_WARN_QUOTED_INCLUDE_IN_FRAMEWORK_HEADER = YES;
				CLANG_WARN_RANGE_LOOP_ANALYSIS = YES;
				CLANG_WARN_STRICT_PROTOTYPES = YES;
				CLANG_WARN_SUSPICIOUS_MOVE = YES;
				CLANG_WARN_UNGUARDED_AVAILABILITY = YES_AGGRESSIVE;
				CLANG_WARN_UNREACHABLE_CODE = YES;
				CLANG_WARN__DUPLICATE_METHOD_MATCH = YES;
				COPY_PHASE_STRIP = NO;
				DEBUG_INFORMATION_FORMAT = "dwarf-with-dsym";
				ENABLE_NS_ASSERTIONS = NO;
				ENABLE_STRICT_OBJC_MSGSEND = YES;
				GCC_C_LANGUAGE_STANDARD = gnu11;
				GCC_NO_COMMON_BLOCKS = YES;
				GCC_WARN_64_TO_32_BIT_CONVERSION = YES;
				GCC_WARN_ABOUT_RETURN_TYPE = YES_ERROR;
				GCC_WARN_UNDECLARED_SELECTOR = YES;
				GCC_WARN_UNINITIALIZED_AUTOS = YES_AGGRESSIVE;
				GCC_WARN_UNUSED_FUNCTION = YES;
				GCC_WARN_UNUSED_VARIABLE = YES;
				IPHONEOS_DEPLOYMENT_TARGET = 16.4;
				MTL_ENABLE_DEBUG_INFO = NO;
				MTL_FAST_MATH = YES;
				SDKROOT = iphoneos;
				SWIFT_COMPILATION_MODE = wholemodule;
				SWIFT_OPTIMIZATION_LEVEL = "-O";
				VALIDATE_PRODUCT = YES;
			};
			name = Release;
		};
		23E7382E29C08BFB00C5ACDD /* Debug */ = {
			isa = XCBuildConfiguration;
			buildSettings = {
				ASSETCATALOG_COMPILER_APPICON_NAME = AppIcon;
				ASSETCATALOG_COMPILER_GLOBAL_ACCENT_COLOR_NAME = AccentColor;
				CODE_SIGN_STYLE = Automatic;
				CURRENT_PROJECT_VERSION = 1;
				DEVELOPMENT_TEAM = 62693BZN4B;
				GENERATE_INFOPLIST_FILE = YES;
				INFOPLIST_FILE = "MovieApp-UIKit/Info.plist";
				INFOPLIST_KEY_UIApplicationSupportsIndirectInputEvents = YES;
				INFOPLIST_KEY_UILaunchStoryboardName = LaunchScreen;
				INFOPLIST_KEY_UISupportedInterfaceOrientations_iPad = "UIInterfaceOrientationPortrait UIInterfaceOrientationPortraitUpsideDown UIInterfaceOrientationLandscapeLeft UIInterfaceOrientationLandscapeRight";
				INFOPLIST_KEY_UISupportedInterfaceOrientations_iPhone = "UIInterfaceOrientationPortrait UIInterfaceOrientationLandscapeLeft UIInterfaceOrientationLandscapeRight";
				LD_RUNPATH_SEARCH_PATHS = (
					"$(inherited)",
					"@executable_path/Frameworks",
				);
				MARKETING_VERSION = 1.0;
				PRODUCT_BUNDLE_IDENTIFIER = "berkaydisli.MovieApp-UIKit";
				PRODUCT_NAME = "$(TARGET_NAME)";
				SWIFT_EMIT_LOC_STRINGS = YES;
				SWIFT_VERSION = 5.0;
				TARGETED_DEVICE_FAMILY = "1,2";
			};
			name = Debug;
		};
		23E7382F29C08BFB00C5ACDD /* Release */ = {
			isa = XCBuildConfiguration;
			buildSettings = {
				ASSETCATALOG_COMPILER_APPICON_NAME = AppIcon;
				ASSETCATALOG_COMPILER_GLOBAL_ACCENT_COLOR_NAME = AccentColor;
				CODE_SIGN_STYLE = Automatic;
				CURRENT_PROJECT_VERSION = 1;
				DEVELOPMENT_TEAM = 62693BZN4B;
				GENERATE_INFOPLIST_FILE = YES;
				INFOPLIST_FILE = "MovieApp-UIKit/Info.plist";
				INFOPLIST_KEY_UIApplicationSupportsIndirectInputEvents = YES;
				INFOPLIST_KEY_UILaunchStoryboardName = LaunchScreen;
				INFOPLIST_KEY_UISupportedInterfaceOrientations_iPad = "UIInterfaceOrientationPortrait UIInterfaceOrientationPortraitUpsideDown UIInterfaceOrientationLandscapeLeft UIInterfaceOrientationLandscapeRight";
				INFOPLIST_KEY_UISupportedInterfaceOrientations_iPhone = "UIInterfaceOrientationPortrait UIInterfaceOrientationLandscapeLeft UIInterfaceOrientationLandscapeRight";
				LD_RUNPATH_SEARCH_PATHS = (
					"$(inherited)",
					"@executable_path/Frameworks",
				);
				MARKETING_VERSION = 1.0;
				PRODUCT_BUNDLE_IDENTIFIER = "berkaydisli.MovieApp-UIKit";
				PRODUCT_NAME = "$(TARGET_NAME)";
				SWIFT_EMIT_LOC_STRINGS = YES;
				SWIFT_VERSION = 5.0;
				TARGETED_DEVICE_FAMILY = "1,2";
			};
			name = Release;
		};
/* End XCBuildConfiguration section */

/* Begin XCConfigurationList section */
		23E7381429C08BFA00C5ACDD /* Build configuration list for PBXProject "MovieApp-UIKit" */ = {
			isa = XCConfigurationList;
			buildConfigurations = (
				23E7382B29C08BFB00C5ACDD /* Debug */,
				23E7382C29C08BFB00C5ACDD /* Release */,
			);
			defaultConfigurationIsVisible = 0;
			defaultConfigurationName = Release;
		};
		23E7382D29C08BFB00C5ACDD /* Build configuration list for PBXNativeTarget "MovieApp-UIKit" */ = {
			isa = XCConfigurationList;
			buildConfigurations = (
				23E7382E29C08BFB00C5ACDD /* Debug */,
				23E7382F29C08BFB00C5ACDD /* Release */,
			);
			defaultConfigurationIsVisible = 0;
			defaultConfigurationName = Release;
		};
/* End XCConfigurationList section */

/* Begin XCRemoteSwiftPackageReference section */
		235B4DE929C48FA000370B6F /* XCRemoteSwiftPackageReference "SDWebImage" */ = {
			isa = XCRemoteSwiftPackageReference;
			repositoryURL = "https://github.com/SDWebImage/SDWebImage";
			requirement = {
				kind = upToNextMajorVersion;
				minimumVersion = 5.0.0;
			};
		};
/* End XCRemoteSwiftPackageReference section */

/* Begin XCSwiftPackageProductDependency section */
		235B4DEA29C48FA000370B6F /* SDWebImage */ = {
			isa = XCSwiftPackageProductDependency;
			package = 235B4DE929C48FA000370B6F /* XCRemoteSwiftPackageReference "SDWebImage" */;
			productName = SDWebImage;
		};
/* End XCSwiftPackageProductDependency section */
	};
	rootObject = 23E7381129C08BFA00C5ACDD /* Project object */;
}
